
Microsoft Visual Studio Solution File, Format Version 12.00
# Visual Studio Version 17
VisualStudioVersion = 17.0.31903.59
MinimumVisualStudioVersion = 10.0.40219.1
Project("{FAE04EC0-301F-11D3-BF4B-00C04F79EFBC}") = "MyWebPageApp", "MyWebPageApp\MyWebPageApp.csproj", "{31892903-61B2-46CD-9452-EA0D83B7AB0D}"
EndProject
Project("{FAE04EC0-301F-11D3-BF4B-00C04F79EFBC}") = "MyWebPageApp.Tests", "MyWebPageApp.Tests\MyWebPageApp.Tests.csproj", "{1683FC3F-3D76-4ED4-937A-F25DAB80FEA1}"
EndProject
Global
	GlobalSection(SolutionConfigurationPlatforms) = preSolution
		Debug|Any CPU = Debug|Any CPU
		Release|Any CPU = Release|Any CPU
	EndGlobalSection
	GlobalSection(SolutionProperties) = preSolution
		HideSolutionNode = FALSE
	EndGlobalSection
	GlobalSection(ProjectConfigurationPlatforms) = postSolution
		{31892903-61B2-46CD-9452-EA0D83B7AB0D}.Debug|Any CPU.ActiveCfg = Debug|Any CPU
		{31892903-61B2-46CD-9452-EA0D83B7AB0D}.Debug|Any CPU.Build.0 = Debug|Any CPU
		{31892903-61B2-46CD-9452-EA0D83B7AB0D}.Release|Any CPU.ActiveCfg = Release|Any CPU
		{31892903-61B2-46CD-9452-EA0D83B7AB0D}.Release|Any CPU.Build.0 = Release|Any CPU
		{1683FC3F-3D76-4ED4-937A-F25DAB80FEA1}.Debug|Any CPU.ActiveCfg = Debug|Any CPU
		{1683FC3F-3D76-4ED4-937A-F25DAB80FEA1}.Debug|Any CPU.Build.0 = Debug|Any CPU
		{1683FC3F-3D76-4ED4-937A-F25DAB80FEA1}.Release|Any CPU.ActiveCfg = Release|Any CPU
		{1683FC3F-3D76-4ED4-937A-F25DAB80FEA1}.Release|Any CPU.Build.0 = Release|Any CPU
	EndGlobalSection
EndGlobal
